{
    "_readme": [
        "This file locks the dependencies of your project to a known state",
        "Read more about it at https://getcomposer.org/doc/01-basic-usage.md#composer-lock-the-lock-file",
        "This file is @generated automatically"
    ],
    "hash": "1c5cfc8842d552344a23784c455b5bee",
    "packages": [
        {
            "name": "fkooman/cert-parser",
            "version": "0.2.0",
            "source": {
                "type": "git",
                "url": "https://github.com/fkooman/php-cert-parser.git",
                "reference": "d05eb0ab457dd152a5af69903e14ec52e0563e20"
            },
            "dist": {
                "type": "zip",
                "url": "https://api.github.com/repos/fkooman/php-cert-parser/zipball/d05eb0ab457dd152a5af69903e14ec52e0563e20",
                "reference": "d05eb0ab457dd152a5af69903e14ec52e0563e20",
                "shasum": ""
            },
            "require": {
                "ext-openssl": "*",
                "php": ">=5.3.3"
            },
            "type": "library",
            "autoload": {
                "psr-0": {
                    "fkooman\\X509\\": "src/"
                }
            },
            "notification-url": "https://packagist.org/downloads/",
            "license": [
                "Apache-2.0"
            ],
            "authors": [
                {
                    "name": "François Kooman",
                    "email": "fkooman@tuxed.net",
                    "role": "Developer"
                },
                {
                    "name": "Ulrich Kautz",
                    "email": "uk@fortrabbit.com",
                    "role": "Developer"
                }
            ],
            "description": "Simple OpenSSL based X.509 certificate parser",
            "time": "2015-06-26 19:58:51"
        },
        {
            "name": "fkooman/json",
            "version": "0.6.0",
            "source": {
                "type": "git",
                "url": "https://github.com/fkooman/php-lib-json.git",
                "reference": "556209cf34cdf55f90eefffd778f93a3e9d5bb2d"
            },
            "dist": {
                "type": "zip",
                "url": "https://api.github.com/repos/fkooman/php-lib-json/zipball/556209cf34cdf55f90eefffd778f93a3e9d5bb2d",
                "reference": "556209cf34cdf55f90eefffd778f93a3e9d5bb2d",
                "shasum": ""
            },
            "require": {
                "php": ">=5.3.3"
            },
            "type": "library",
            "autoload": {
                "psr-0": {
                    "fkooman\\Json": "src/"
                }
            },
            "notification-url": "https://packagist.org/downloads/",
            "license": [
                "Apache-2.0"
            ],
            "authors": [
                {
                    "name": "François Kooman",
                    "email": "fkooman@tuxed.net",
                    "role": "Developer"
                }
            ],
            "description": "PHP library to encode and decode JSON",
            "time": "2014-10-22 12:49:20"
        },
        {
            "name": "fkooman/rest",
            "version": "dev-master",
            "source": {
                "type": "git",
                "url": "https://github.com/fkooman/php-lib-rest.git",
                "reference": "cd4b7e0a766ac205b60d060940ed83ff42749e97"
            },
            "dist": {
                "type": "zip",
                "url": "https://api.github.com/repos/fkooman/php-lib-rest/zipball/cd4b7e0a766ac205b60d060940ed83ff42749e97",
                "reference": "cd4b7e0a766ac205b60d060940ed83ff42749e97",
                "shasum": ""
            },
            "require": {
                "ext-mbstring": "*",
                "fkooman/json": "~0.6.0",
                "php": ">=5.3.3"
            },
            "suggest": {
                "fkooman/rest-plugin-basic": "Basic Authentication plugin",
                "fkooman/rest-plugin-bearer": "Bearer (OAuth) Authentication plugin",
                "fkooman/rest-plugin-indieauth": "IndieAuth Authentication plugin",
                "fkooman/rest-plugin-mellon": "Mellon (SAML) Authentication plugin",
                "fkooman/rest-plugin-tls": "TLS Client Certificate Authentication plugin"
            },
            "type": "library",
            "autoload": {
                "psr-0": {
                    "fkooman\\Http\\": "src/",
                    "fkooman\\Rest\\": "src/"
                }
            },
            "notification-url": "https://packagist.org/downloads/",
            "license": [
                "Apache-2.0"
            ],
            "authors": [
                {
                    "name": "François Kooman",
                    "email": "fkooman@tuxed.net",
                    "role": "Developer"
                }
            ],
            "description": "Simple PHP library for writing REST services.",
            "time": "2015-06-26 09:03:58"
        }
    ],
    "packages-dev": [],
    "aliases": [],
    "minimum-stability": "stable",
    "stability-flags": {
        "fkooman/rest": 20
    },
    "prefer-stable": false,
    "prefer-lowest": false,
    "platform": {
        "php": ">=5.3.3"
    },
    "platform-dev": []
}
