{
    "_readme": [
        "This file locks the dependencies of your project to a known state",
        "Read more about it at https://getcomposer.org/doc/01-basic-usage.md#composer-lock-the-lock-file",
        "This file is @generated automatically"
    ],
    "hash": "ba6e07324fb993d85ade64bb505747ef",
    "packages": [
        {
            "name": "fkooman/base64",
            "version": "1.0.0",
            "source": {
                "type": "git",
                "url": "https://github.com/fkooman/php-base64.git",
                "reference": "48e0869cb05ad8eba6bbc205f31e4509910d038e"
            },
            "dist": {
                "type": "zip",
                "url": "https://api.github.com/repos/fkooman/php-base64/zipball/48e0869cb05ad8eba6bbc205f31e4509910d038e",
                "reference": "48e0869cb05ad8eba6bbc205f31e4509910d038e",
                "shasum": ""
            },
            "type": "library",
            "autoload": {
                "psr-0": {
                    "fkooman\\Base64\\": "src/"
                }
            },
            "notification-url": "https://packagist.org/downloads/",
            "license": [
                "Apache-2.0"
            ],
            "authors": [
                {
                    "name": "François Kooman",
                    "email": "fkooman@tuxed.net"
                }
            ],
            "description": "A base64 encoder and decoder",
            "time": "2015-07-07 21:32:33"
        },
        {
            "name": "fkooman/cert-parser",
            "version": "1.0.0",
            "source": {
                "type": "git",
                "url": "https://github.com/fkooman/php-cert-parser.git",
                "reference": "c71d31af3b6295ef34100d0d4af86260cd8d94bf"
            },
            "dist": {
                "type": "zip",
                "url": "https://api.github.com/repos/fkooman/php-cert-parser/zipball/c71d31af3b6295ef34100d0d4af86260cd8d94bf",
                "reference": "c71d31af3b6295ef34100d0d4af86260cd8d94bf",
                "shasum": ""
            },
            "require": {
                "ext-hash": "*",
                "ext-openssl": "*",
                "ext-pcre": "*",
                "ext-spl": "*",
                "php": ">=5.3.3"
            },
            "type": "library",
            "autoload": {
                "psr-0": {
                    "fkooman\\X509\\": "src/"
                }
            },
            "notification-url": "https://packagist.org/downloads/",
            "license": [
                "Apache-2.0"
            ],
            "authors": [
                {
                    "name": "François Kooman",
                    "email": "fkooman@tuxed.net",
                    "role": "Developer"
                },
                {
                    "name": "Ulrich Kautz",
                    "email": "uk@fortrabbit.com",
                    "role": "Developer"
                }
            ],
            "description": "Simple OpenSSL based X.509 certificate parser",
            "time": "2015-07-08 10:37:35"
        },
        {
            "name": "fkooman/json",
            "version": "0.6.0",
            "source": {
                "type": "git",
                "url": "https://github.com/fkooman/php-lib-json.git",
                "reference": "556209cf34cdf55f90eefffd778f93a3e9d5bb2d"
            },
            "dist": {
                "type": "zip",
                "url": "https://api.github.com/repos/fkooman/php-lib-json/zipball/556209cf34cdf55f90eefffd778f93a3e9d5bb2d",
                "reference": "556209cf34cdf55f90eefffd778f93a3e9d5bb2d",
                "shasum": ""
            },
            "require": {
                "php": ">=5.3.3"
            },
            "type": "library",
            "autoload": {
                "psr-0": {
                    "fkooman\\Json": "src/"
                }
            },
            "notification-url": "https://packagist.org/downloads/",
            "license": [
                "Apache-2.0"
            ],
            "authors": [
                {
                    "name": "François Kooman",
                    "email": "fkooman@tuxed.net",
                    "role": "Developer"
                }
            ],
            "description": "PHP library to encode and decode JSON",
            "time": "2014-10-22 12:49:20"
        },
        {
            "name": "fkooman/rest",
            "version": "0.9.0",
            "source": {
                "type": "git",
                "url": "https://github.com/fkooman/php-lib-rest.git",
                "reference": "a37d259a4552955b034c34f2cf6e6532a313fe40"
            },
            "dist": {
                "type": "zip",
                "url": "https://api.github.com/repos/fkooman/php-lib-rest/zipball/a37d259a4552955b034c34f2cf6e6532a313fe40",
                "reference": "a37d259a4552955b034c34f2cf6e6532a313fe40",
                "shasum": ""
            },
            "require": {
                "ext-mbstring": "*",
                "fkooman/json": "~0.6.0",
                "php": ">=5.3.3"
            },
            "suggest": {
                "fkooman/rest-plugin-basic": "Basic Authentication plugin",
                "fkooman/rest-plugin-bearer": "Bearer (OAuth) Authentication plugin",
                "fkooman/rest-plugin-indieauth": "IndieAuth Authentication plugin",
                "fkooman/rest-plugin-mellon": "Mellon (SAML) Authentication plugin",
                "fkooman/rest-plugin-tls": "TLS Client Certificate Authentication plugin"
            },
            "type": "library",
            "autoload": {
                "psr-0": {
                    "fkooman\\Http\\": "src/",
                    "fkooman\\Rest\\": "src/"
                }
            },
            "notification-url": "https://packagist.org/downloads/",
            "license": [
                "Apache-2.0"
            ],
            "authors": [
                {
                    "name": "François Kooman",
                    "email": "fkooman@tuxed.net",
                    "role": "Developer"
                }
            ],
            "description": "Simple PHP library for writing REST services.",
            "time": "2015-06-28 11:43:47"
        }
    ],
    "packages-dev": [],
    "aliases": [],
    "minimum-stability": "stable",
    "stability-flags": [],
    "prefer-stable": false,
    "prefer-lowest": false,
    "platform": {
        "php": ">=5.3.3"
    },
    "platform-dev": []
}
